
Microsoft Visual Studio Solution File, Format Version 12.00
# Visual Studio Version 17
VisualStudioVersion = 17.3.32804.467
MinimumVisualStudioVersion = 10.0.40219.1
Project("{FAE04EC0-301F-11D3-BF4B-00C04F79EFBC}") = "LIB", "LIB\LIB.csproj", "{04F9F7FC-1D40-4376-9A59-6E68C69AC9AA}"
EndProject
Global
	GlobalSection(SolutionConfigurationPlatforms) = preSolution
		Debug|Any CPU = Debug|Any CPU
		Release|Any CPU = Release|Any CPU
	EndGlobalSection
	GlobalSection(ProjectConfigurationPlatforms) = postSolution
		{04F9F7FC-1D40-4376-9A59-6E68C69AC9AA}.Debug|Any CPU.ActiveCfg = Debug|Any CPU
		{04F9F7FC-1D40-4376-9A59-6E68C69AC9AA}.Debug|Any CPU.Build.0 = Debug|Any CPU
		{04F9F7FC-1D40-4376-9A59-6E68C69AC9AA}.Release|Any CPU.ActiveCfg = Release|Any CPU
		{04F9F7FC-1D40-4376-9A59-6E68C69AC9AA}.Release|Any CPU.Build.0 = Release|Any CPU
	EndGlobalSection
	GlobalSection(SolutionProperties) = preSolution
		HideSolutionNode = FALSE
	EndGlobalSection
	GlobalSection(ExtensibilityGlobals) = postSolution
		SolutionGuid = {2742B266-4763-44D5-BFF4-C4A014C23FE9}
	EndGlobalSection
EndGlobal
